Microsoft Visual Studio Solution File, Format Version 12.00
# Visual Studio Version 17
VisualStudioVersion = 17.0.31903.59
MinimumVisualStudioVersion = 10.0.40219.1
Project("{FAE04EC0-301F-11D3-BF4B-00C04F79EFBC}") = "Icod.DiffUtils.Shared", "Icod.DiffUtils.Shared\Icod.DiffUtils.Shared.csproj", "{F4BF062F-D1FD-4F6D-97A7-EB31AA0353D1}"
EndProject
Project("{FAE04EC0-301F-11D3-BF4B-00C04F79EFBC}") = "Icod.DiffUtils.Cmp", "cmp\Icod.DiffUtils.Cmp.csproj", "{BE873FFD-FEAE-4AB3-860C-F8285AAD7A9A}"
EndProject
Project("{FAE04EC0-301F-11D3-BF4B-00C04F79EFBC}") = "Icod.DiffUtils.Diff", "diff\Icod.DiffUtils.Diff.csproj", "{7FD829DD-6406-42FB-A4B6-AB015EEEC48F}"
EndProject
Project("{FAE04EC0-301F-11D3-BF4B-00C04F79EFBC}") = "Icod.DiffUtils.Diff3", "diff3\Icod.DiffUtils.Diff3.csproj", "{2F49FA4D-E5CB-4DE1-B592-825CA211AD11}"
EndProject
Project("{FAE04EC0-301F-11D3-BF4B-00C04F79EFBC}") = "Icod.DiffUtils.SDiff", "sdiff\Icod.DiffUtils.SDiff.csproj", "{12627F0D-49C4-4BB5-93ED-7B81ED492C26}"
EndProject
Project("{2150E333-8FDC-42A3-9474-1A3956D46DE8}") = "tests", "tests", "{F05B4136-23C6-4CF5-8A6A-920F20DC0001}"
EndProject
Project("{FAE04EC0-301F-11D3-BF4B-00C04F79EFBC}") = "Icod.DiffUtils.Cmp.Tests", "tests\Cmp.Tests\Icod.DiffUtils.Cmp.Tests.csproj", "{F05B4136-23C6-4CF5-8A6A-920F20DC0079}"
EndProject
Project("{FAE04EC0-301F-11D3-BF4B-00C04F79EFBC}") = "Icod.DiffUtils.Shared.Tests", "tests\DiffUtils.Shared.Tests\Icod.DiffUtils.Shared.Tests.csproj", "{F05B4136-23C6-4CF5-8A6A-920F20DC0080}"
EndProject
Project("{FAE04EC0-301F-11D3-BF4B-00C04F79EFBC}") = "Icod.DiffUtils.Diff.Tests", "tests\Diff.Tests\Icod.DiffUtils.Diff.Tests.csproj", "{F05B4136-23C6-4CF5-8A6A-920F20DC0081}"
EndProject
Project("{FAE04EC0-301F-11D3-BF4B-00C04F79EFBC}") = "Icod.DiffUtils.Diff3.Tests", "tests\Diff3.Tests\Icod.DiffUtils.Diff3.Tests.csproj", "{F05B4136-23C6-4CF5-8A6A-920F20DC0082}"
EndProject
Project("{FAE04EC0-301F-11D3-BF4B-00C04F79EFBC}") = "Icod.DiffUtils.SDiff.Tests", "tests\SDiff.Tests\Icod.DiffUtils.SDiff.Tests.csproj", "{F05B4136-23C6-4CF5-8A6A-920F20DC0083}"
EndProject
Global
	GlobalSection(SolutionConfigurationPlatforms) = preSolution
		Debug|Any CPU = Debug|Any CPU
		Release|Any CPU = Release|Any CPU
		Staging|Any CPU = Staging|Any CPU
	EndGlobalSection
	GlobalSection(ProjectConfigurationPlatforms) = postSolution
		{F4BF062F-D1FD-4F6D-97A7-EB31AA0353D1}.Debug|Any CPU.ActiveCfg = Debug|Any CPU
		{F4BF062F-D1FD-4F6D-97A7-EB31AA0353D1}.Debug|Any CPU.Build.0 = Debug|Any CPU
		{F4BF062F-D1FD-4F6D-97A7-EB31AA0353D1}.Release|Any CPU.ActiveCfg = Release|Any CPU
		{F4BF062F-D1FD-4F6D-97A7-EB31AA0353D1}.Release|Any CPU.Build.0 = Release|Any CPU
		{F4BF062F-D1FD-4F6D-97A7-EB31AA0353D1}.Staging|Any CPU.ActiveCfg = Staging|Any CPU
		{F4BF062F-D1FD-4F6D-97A7-EB31AA0353D1}.Staging|Any CPU.Build.0 = Staging|Any CPU
		{BE873FFD-FEAE-4AB3-860C-F8285AAD7A9A}.Debug|Any CPU.ActiveCfg = Debug|Any CPU
		{BE873FFD-FEAE-4AB3-860C-F8285AAD7A9A}.Debug|Any CPU.Build.0 = Debug|Any CPU
		{BE873FFD-FEAE-4AB3-860C-F8285AAD7A9A}.Release|Any CPU.ActiveCfg = Release|Any CPU
		{BE873FFD-FEAE-4AB3-860C-F8285AAD7A9A}.Release|Any CPU.Build.0 = Release|Any CPU
		{BE873FFD-FEAE-4AB3-860C-F8285AAD7A9A}.Staging|Any CPU.ActiveCfg = Staging|Any CPU
		{BE873FFD-FEAE-4AB3-860C-F8285AAD7A9A}.Staging|Any CPU.Build.0 = Staging|Any CPU
		{7FD829DD-6406-42FB-A4B6-AB015EEEC48F}.Debug|Any CPU.ActiveCfg = Debug|Any CPU
		{7FD829DD-6406-42FB-A4B6-AB015EEEC48F}.Debug|Any CPU.Build.0 = Debug|Any CPU
		{7FD829DD-6406-42FB-A4B6-AB015EEEC48F}.Release|Any CPU.ActiveCfg = Release|Any CPU
		{7FD829DD-6406-42FB-A4B6-AB015EEEC48F}.Release|Any CPU.Build.0 = Release|Any CPU
		{7FD829DD-6406-42FB-A4B6-AB015EEEC48F}.Staging|Any CPU.ActiveCfg = Staging|Any CPU
		{7FD829DD-6406-42FB-A4B6-AB015EEEC48F}.Staging|Any CPU.Build.0 = Staging|Any CPU
		{2F49FA4D-E5CB-4DE1-B592-825CA211AD11}.Debug|Any CPU.ActiveCfg = Debug|Any CPU
		{2F49FA4D-E5CB-4DE1-B592-825CA211AD11}.Debug|Any CPU.Build.0 = Debug|Any CPU
		{2F49FA4D-E5CB-4DE1-B592-825CA211AD11}.Release|Any CPU.ActiveCfg = Release|Any CPU
		{2F49FA4D-E5CB-4DE1-B592-825CA211AD11}.Release|Any CPU.Build.0 = Release|Any CPU
		{2F49FA4D-E5CB-4DE1-B592-825CA211AD11}.Staging|Any CPU.ActiveCfg = Staging|Any CPU
		{2F49FA4D-E5CB-4DE1-B592-825CA211AD11}.Staging|Any CPU.Build.0 = Staging|Any CPU
		{12627F0D-49C4-4BB5-93ED-7B81ED492C26}.Debug|Any CPU.ActiveCfg = Debug|Any CPU
		{12627F0D-49C4-4BB5-93ED-7B81ED492C26}.Debug|Any CPU.Build.0 = Debug|Any CPU
		{12627F0D-49C4-4BB5-93ED-7B81ED492C26}.Release|Any CPU.ActiveCfg = Release|Any CPU
		{12627F0D-49C4-4BB5-93ED-7B81ED492C26}.Release|Any CPU.Build.0 = Release|Any CPU
		{12627F0D-49C4-4BB5-93ED-7B81ED492C26}.Staging|Any CPU.ActiveCfg = Staging|Any CPU
		{12627F0D-49C4-4BB5-93ED-7B81ED492C26}.Staging|Any CPU.Build.0 = Staging|Any CPU
		{F05B4136-23C6-4CF5-8A6A-920F20DC0079}.Debug|Any CPU.ActiveCfg = Debug|Any CPU
		{F05B4136-23C6-4CF5-8A6A-920F20DC0079}.Debug|Any CPU.Build.0 = Debug|Any CPU
		{F05B4136-23C6-4CF5-8A6A-920F20DC0079}.Release|Any CPU.ActiveCfg = Release|Any CPU
		{F05B4136-23C6-4CF5-8A6A-920F20DC0079}.Release|Any CPU.Build.0 = Release|Any CPU
		{F05B4136-23C6-4CF5-8A6A-920F20DC0079}.Staging|Any CPU.ActiveCfg = Staging|Any CPU
		{F05B4136-23C6-4CF5-8A6A-920F20DC0079}.Staging|Any CPU.Build.0 = Staging|Any CPU
		{F05B4136-23C6-4CF5-8A6A-920F20DC0080}.Debug|Any CPU.ActiveCfg = Debug|Any CPU
		{F05B4136-23C6-4CF5-8A6A-920F20DC0080}.Debug|Any CPU.Build.0 = Debug|Any CPU
		{F05B4136-23C6-4CF5-8A6A-920F20DC0080}.Release|Any CPU.ActiveCfg = Release|Any CPU
		{F05B4136-23C6-4CF5-8A6A-920F20DC0080}.Release|Any CPU.Build.0 = Release|Any CPU
		{F05B4136-23C6-4CF5-8A6A-920F20DC0080}.Staging|Any CPU.ActiveCfg = Staging|Any CPU
		{F05B4136-23C6-4CF5-8A6A-920F20DC0080}.Staging|Any CPU.Build.0 = Staging|Any CPU
		{F05B4136-23C6-4CF5-8A6A-920F20DC0081}.Debug|Any CPU.ActiveCfg = Debug|Any CPU
		{F05B4136-23C6-4CF5-8A6A-920F20DC0081}.Debug|Any CPU.Build.0 = Debug|Any CPU
		{F05B4136-23C6-4CF5-8A6A-920F20DC0081}.Release|Any CPU.ActiveCfg = Release|Any CPU
		{F05B4136-23C6-4CF5-8A6A-920F20DC0081}.Release|Any CPU.Build.0 = Release|Any CPU
		{F05B4136-23C6-4CF5-8A6A-920F20DC0081}.Staging|Any CPU.ActiveCfg = Staging|Any CPU
		{F05B4136-23C6-4CF5-8A6A-920F20DC0081}.Staging|Any CPU.Build.0 = Staging|Any CPU
		{F05B4136-23C6-4CF5-8A6A-920F20DC0082}.Debug|Any CPU.ActiveCfg = Debug|Any CPU
		{F05B4136-23C6-4CF5-8A6A-920F20DC0082}.Debug|Any CPU.Build.0 = Debug|Any CPU
		{F05B4136-23C6-4CF5-8A6A-920F20DC0082}.Release|Any CPU.ActiveCfg = Release|Any CPU
		{F05B4136-23C6-4CF5-8A6A-920F20DC0082}.Release|Any CPU.Build.0 = Release|Any CPU
		{F05B4136-23C6-4CF5-8A6A-920F20DC0082}.Staging|Any CPU.ActiveCfg = Staging|Any CPU
		{F05B4136-23C6-4CF5-8A6A-920F20DC0082}.Staging|Any CPU.Build.0 = Staging|Any CPU
		{F05B4136-23C6-4CF5-8A6A-920F20DC0083}.Debug|Any CPU.ActiveCfg = Debug|Any CPU
		{F05B4136-23C6-4CF5-8A6A-920F20DC0083}.Debug|Any CPU.Build.0 = Debug|Any CPU
		{F05B4136-23C6-4CF5-8A6A-920F20DC0083}.Release|Any CPU.ActiveCfg = Release|Any CPU
		{F05B4136-23C6-4CF5-8A6A-920F20DC0083}.Release|Any CPU.Build.0 = Release|Any CPU
		{F05B4136-23C6-4CF5-8A6A-920F20DC0083}.Staging|Any CPU.ActiveCfg = Staging|Any CPU
		{F05B4136-23C6-4CF5-8A6A-920F20DC0083}.Staging|Any CPU.Build.0 = Staging|Any CPU
	EndGlobalSection
	GlobalSection(SolutionProperties) = preSolution
		HideSolutionNode = FALSE
	EndGlobalSection
	GlobalSection(NestedProjects) = preSolution
		{F05B4136-23C6-4CF5-8A6A-920F20DC0079} = {F05B4136-23C6-4CF5-8A6A-920F20DC0001}
		{F05B4136-23C6-4CF5-8A6A-920F20DC0080} = {F05B4136-23C6-4CF5-8A6A-920F20DC0001}
		{F05B4136-23C6-4CF5-8A6A-920F20DC0081} = {F05B4136-23C6-4CF5-8A6A-920F20DC0001}
		{F05B4136-23C6-4CF5-8A6A-920F20DC0082} = {F05B4136-23C6-4CF5-8A6A-920F20DC0001}
		{F05B4136-23C6-4CF5-8A6A-920F20DC0083} = {F05B4136-23C6-4CF5-8A6A-920F20DC0001}
	EndGlobalSection
EndGlobal
